// !$*UTF8*$!
{
	archiveVersion = 1;
	classes = {
	};
	objectVersion = 56;
	objects = {

/* Begin PBXBuildFile section */
		0C71B60935BDDB782FE2DD5F /* Pods_RehabSwiftUI.framework in Frameworks */ = {isa = PBXBuildFile; fileRef = 9C097FFB2D9FC69C598FDD4A /* Pods_RehabSwiftUI.framework */; };
		3B64BA3F29B0C11D00B774B5 /* RehabSwiftUIApp.swift in Sources */ = {isa = PBXBuildFile; fileRef = 3B64BA3E29B0C11D00B774B5 /* RehabSwiftUIApp.swift */; };
		3B64BA4129B0C11D00B774B5 /* ContentView.swift in Sources */ = {isa = PBXBuildFile; fileRef = 3B64BA4029B0C11D00B774B5 /* ContentView.swift */; };
		3B64BA4329B0C11E00B774B5 /* Assets.xcassets in Resources */ = {isa = PBXBuildFile; fileRef = 3B64BA4229B0C11E00B774B5 /* Assets.xcassets */; };
		3B64BA4629B0C11E00B774B5 /* Preview Assets.xcassets in Resources */ = {isa = PBXBuildFile; fileRef = 3B64BA4529B0C11E00B774B5 /* Preview Assets.xcassets */; };
		3BC0B6E129BF4F7C00307E91 /* QiitaAPI.swift in Sources */ = {isa = PBXBuildFile; fileRef = 3BC0B6E029BF4F7C00307E91 /* QiitaAPI.swift */; };
		3BC0B6E429BF50D200307E91 /* ArticleModel.swift in Sources */ = {isa = PBXBuildFile; fileRef = 3BC0B6E329BF50D200307E91 /* ArticleModel.swift */; };
		3BC0B6E729BF52CB00307E91 /* APIConst.swift in Sources */ = {isa = PBXBuildFile; fileRef = 3BC0B6E629BF52CB00307E91 /* APIConst.swift */; };
		3BC0B6E929BF541A00307E91 /* NetworkError.swift in Sources */ = {isa = PBXBuildFile; fileRef = 3BC0B6E829BF541A00307E91 /* NetworkError.swift */; };
		3BC0B6EB29BF550A00307E91 /* Bundle-Decodable.swift in Sources */ = {isa = PBXBuildFile; fileRef = 3BC0B6EA29BF550A00307E91 /* Bundle-Decodable.swift */; };
		3BCD65CD29B61CCE006CBC23 /* MainArticleListCell.swift in Sources */ = {isa = PBXBuildFile; fileRef = 3BCD65CC29B61CCE006CBC23 /* MainArticleListCell.swift */; };
/* End PBXBuildFile section */

/* Begin PBXFileReference section */
		3B64BA3B29B0C11D00B774B5 /* RehabSwiftUI.app */ = {isa = PBXFileReference; explicitFileType = wrapper.application; includeInIndex = 0; path = RehabSwiftUI.app; sourceTree = BUILT_PRODUCTS_DIR; };
		3B64BA3E29B0C11D00B774B5 /* RehabSwiftUIApp.swift */ = {isa = PBXFileReference; lastKnownFileType = sourcecode.swift; path = RehabSwiftUIApp.swift; sourceTree = "<group>"; };
		3B64BA4029B0C11D00B774B5 /* ContentView.swift */ = {isa = PBXFileReference; lastKnownFileType = sourcecode.swift; path = ContentView.swift; sourceTree = "<group>"; };
		3B64BA4229B0C11E00B774B5 /* Assets.xcassets */ = {isa = PBXFileReference; lastKnownFileType = folder.assetcatalog; path = Assets.xcassets; sourceTree = "<group>"; };
		3B64BA4529B0C11E00B774B5 /* Preview Assets.xcassets */ = {isa = PBXFileReference; lastKnownFileType = folder.assetcatalog; path = "Preview Assets.xcassets"; sourceTree = "<group>"; };
		3BC0B6E029BF4F7C00307E91 /* QiitaAPI.swift */ = {isa = PBXFileReference; lastKnownFileType = sourcecode.swift; path = QiitaAPI.swift; sourceTree = "<group>"; };
		3BC0B6E329BF50D200307E91 /* ArticleModel.swift */ = {isa = PBXFileReference; lastKnownFileType = sourcecode.swift; path = ArticleModel.swift; sourceTree = "<group>"; };
		3BC0B6E629BF52CB00307E91 /* APIConst.swift */ = {isa = PBXFileReference; lastKnownFileType = sourcecode.swift; path = APIConst.swift; sourceTree = "<group>"; };
		3BC0B6E829BF541A00307E91 /* NetworkError.swift */ = {isa = PBXFileReference; lastKnownFileType = sourcecode.swift; path = NetworkError.swift; sourceTree = "<group>"; };
		3BC0B6EA29BF550A00307E91 /* Bundle-Decodable.swift */ = {isa = PBXFileReference; lastKnownFileType = sourcecode.swift; path = "Bundle-Decodable.swift"; sourceTree = "<group>"; };
		3BCD65CC29B61CCE006CBC23 /* MainArticleListCell.swift */ = {isa = PBXFileReference; lastKnownFileType = sourcecode.swift; path = MainArticleListCell.swift; sourceTree = "<group>"; };
		867BFFC9855A94E456BDA972 /* Pods-RehabSwiftUI.release.xcconfig */ = {isa = PBXFileReference; includeInIndex = 1; lastKnownFileType = text.xcconfig; name = "Pods-RehabSwiftUI.release.xcconfig"; path = "Target Support Files/Pods-RehabSwiftUI/Pods-RehabSwiftUI.release.xcconfig"; sourceTree = "<group>"; };
		9C097FFB2D9FC69C598FDD4A /* Pods_RehabSwiftUI.framework */ = {isa = PBXFileReference; explicitFileType = wrapper.framework; includeInIndex = 0; path = Pods_RehabSwiftUI.framework; sourceTree = BUILT_PRODUCTS_DIR; };
		ADFE3C770C048C7CA908605C /* Pods-RehabSwiftUI.debug.xcconfig */ = {isa = PBXFileReference; includeInIndex = 1; lastKnownFileType = text.xcconfig; name = "Pods-RehabSwiftUI.debug.xcconfig"; path = "Target Support Files/Pods-RehabSwiftUI/Pods-RehabSwiftUI.debug.xcconfig"; sourceTree = "<group>"; };
/* End PBXFileReference section */

/* Begin PBXFrameworksBuildPhase section */
		3B64BA3829B0C11D00B774B5 /* Frameworks */ = {
			isa = PBXFrameworksBuildPhase;
			buildActionMask = 2147483647;
			files = (
				0C71B60935BDDB782FE2DD5F /* Pods_RehabSwiftUI.framework in Frameworks */,
			);
			runOnlyForDeploymentPostprocessing = 0;
		};
/* End PBXFrameworksBuildPhase section */

/* Begin PBXGroup section */
		09BE2812BFE5FB26FB0CF550 /* Pods */ = {
			isa = PBXGroup;
			children = (
				ADFE3C770C048C7CA908605C /* Pods-RehabSwiftUI.debug.xcconfig */,
				867BFFC9855A94E456BDA972 /* Pods-RehabSwiftUI.release.xcconfig */,
			);
			path = Pods;
			sourceTree = "<group>";
		};
		3B64BA3229B0C11D00B774B5 = {
			isa = PBXGroup;
			children = (
				3B64BA3D29B0C11D00B774B5 /* RehabSwiftUI */,
				3B64BA3C29B0C11D00B774B5 /* Products */,
				09BE2812BFE5FB26FB0CF550 /* Pods */,
				69A23A921FC6C724CE67B861 /* Frameworks */,
			);
			sourceTree = "<group>";
		};
		3B64BA3C29B0C11D00B774B5 /* Products */ = {
			isa = PBXGroup;
			children = (
				3B64BA3B29B0C11D00B774B5 /* RehabSwiftUI.app */,
			);
			name = Products;
			sourceTree = "<group>";
		};
		3B64BA3D29B0C11D00B774B5 /* RehabSwiftUI */ = {
			isa = PBXGroup;
			children = (
				3B64BA3E29B0C11D00B774B5 /* RehabSwiftUIApp.swift */,
				3BC0B6E029BF4F7C00307E91 /* QiitaAPI.swift */,
				3BC0B6E529BF52AA00307E91 /* Service */,
				3BC0B6E229BF50BB00307E91 /* Model */,
				3B64BA4029B0C11D00B774B5 /* ContentView.swift */,
				3BCD65CB29B61CA0006CBC23 /* ViewComponents */,
				3B64BA4229B0C11E00B774B5 /* Assets.xcassets */,
				3B64BA4429B0C11E00B774B5 /* Preview Content */,
			);
			path = RehabSwiftUI;
			sourceTree = "<group>";
		};
		3B64BA4429B0C11E00B774B5 /* Preview Content */ = {
			isa = PBXGroup;
			children = (
				3B64BA4529B0C11E00B774B5 /* Preview Assets.xcassets */,
			);
			path = "Preview Content";
			sourceTree = "<group>";
		};
		3BC0B6E229BF50BB00307E91 /* Model */ = {
			isa = PBXGroup;
			children = (
				3BC0B6E329BF50D200307E91 /* ArticleModel.swift */,
			);
			path = Model;
			sourceTree = "<group>";
		};
		3BC0B6E529BF52AA00307E91 /* Service */ = {
			isa = PBXGroup;
			children = (
				3BC0B6E629BF52CB00307E91 /* APIConst.swift */,
				3BC0B6EA29BF550A00307E91 /* Bundle-Decodable.swift */,
				3BC0B6E829BF541A00307E91 /* NetworkError.swift */,
			);
			path = Service;
			sourceTree = "<group>";
		};
		3BCD65CB29B61CA0006CBC23 /* ViewComponents */ = {
			isa = PBXGroup;
			children = (
				3BCD65CC29B61CCE006CBC23 /* MainArticleListCell.swift */,
			);
			path = ViewComponents;
			sourceTree = "<group>";
		};
		69A23A921FC6C724CE67B861 /* Frameworks */ = {
			isa = PBXGroup;
			children = (
				9C097FFB2D9FC69C598FDD4A /* Pods_RehabSwiftUI.framework */,
			);
			name = Frameworks;
			sourceTree = "<group>";
		};
/* End PBXGroup section */

/* Begin PBXNativeTarget section */
		3B64BA3A29B0C11D00B774B5 /* RehabSwiftUI */ = {
			isa = PBXNativeTarget;
			buildConfigurationList = 3B64BA4929B0C11E00B774B5 /* Build configuration list for PBXNativeTarget "RehabSwiftUI" */;
			buildPhases = (
				5D687B67B14985A13726570A /* [CP] Check Pods Manifest.lock */,
				3B64BA3729B0C11D00B774B5 /* Sources */,
				3B64BA3829B0C11D00B774B5 /* Frameworks */,
				3B64BA3929B0C11D00B774B5 /* Resources */,
				D4D2C658643F7A0869804E62 /* [CP] Embed Pods Frameworks */,
				3B0EF28529B0C64500724AD1 /* Run SwiftLint */,
			);
			buildRules = (
			);
			dependencies = (
			);
			name = RehabSwiftUI;
			productName = RehabSwiftUI;
			productReference = 3B64BA3B29B0C11D00B774B5 /* RehabSwiftUI.app */;
			productType = "com.apple.product-type.application";
		};
/* End PBXNativeTarget section */

/* Begin PBXProject section */
		3B64BA3329B0C11D00B774B5 /* Project object */ = {
			isa = PBXProject;
			attributes = {
				BuildIndependentTargetsInParallel = 1;
				LastSwiftUpdateCheck = 1420;
				LastUpgradeCheck = 1420;
				TargetAttributes = {
					3B64BA3A29B0C11D00B774B5 = {
						CreatedOnToolsVersion = 14.2;
					};
				};
			};
			buildConfigurationList = 3B64BA3629B0C11D00B774B5 /* Build configuration list for PBXProject "RehabSwiftUI" */;
			compatibilityVersion = "Xcode 14.0";
			developmentRegion = en;
			hasScannedForEncodings = 0;
			knownRegions = (
				en,
				Base,
			);
			mainGroup = 3B64BA3229B0C11D00B774B5;
			productRefGroup = 3B64BA3C29B0C11D00B774B5 /* Products */;
			projectDirPath = "";
			projectRoot = "";
			targets = (
				3B64BA3A29B0C11D00B774B5 /* RehabSwiftUI */,
			);
		};
/* End PBXProject section */

/* Begin PBXResourcesBuildPhase section */
		3B64BA3929B0C11D00B774B5 /* Resources */ = {
			isa = PBXResourcesBuildPhase;
			buildActionMask = 2147483647;
			files = (
				3B64BA4629B0C11E00B774B5 /* Preview Assets.xcassets in Resources */,
				3B64BA4329B0C11E00B774B5 /* Assets.xcassets in Resources */,
			);
			runOnlyForDeploymentPostprocessing = 0;
		};
/* End PBXResourcesBuildPhase section */

/* Begin PBXShellScriptBuildPhase section */
		3B0EF28529B0C64500724AD1 /* Run SwiftLint */ = {
			isa = PBXShellScriptBuildPhase;
			buildActionMask = 2147483647;
			files = (
			);
			inputFileListPaths = (
			);
			inputPaths = (
			);
			name = "Run SwiftLint";
			outputFileListPaths = (
			);
			outputPaths = (
			);
			runOnlyForDeploymentPostprocessing = 0;
			shellPath = /bin/sh;
			shellScript = "# Type a script or drag a script file from your workspace to insert its path.\nif which \"${PODS_ROOT}/SwiftLint/swiftlint\" >/dev/null; then\n  \"${PODS_ROOT}/SwiftLint/swiftlint\"\nelse\n  echo \"warning: SwiftLint not installed, download from https://github.com/realm/SwiftLint\"\nfi\n";
		};
		5D687B67B14985A13726570A /* [CP] Check Pods Manifest.lock */ = {
			isa = PBXShellScriptBuildPhase;
			buildActionMask = 2147483647;
			files = (
			);
			inputFileListPaths = (
			);
			inputPaths = (
				"${PODS_PODFILE_DIR_PATH}/Podfile.lock",
				"${PODS_ROOT}/Manifest.lock",
			);
			name = "[CP] Check Pods Manifest.lock";
			outputFileListPaths = (
			);
			outputPaths = (
				"$(DERIVED_FILE_DIR)/Pods-RehabSwiftUI-checkManifestLockResult.txt",
			);
			runOnlyForDeploymentPostprocessing = 0;
			shellPath = /bin/sh;
			shellScript = "diff \"${PODS_PODFILE_DIR_PATH}/Podfile.lock\" \"${PODS_ROOT}/Manifest.lock\" > /dev/null\nif [ $? != 0 ] ; then\n    # print error to STDERR\n    echo \"error: The sandbox is not in sync with the Podfile.lock. Run 'pod install' or update your CocoaPods installation.\" >&2\n    exit 1\nfi\n# This output is used by Xcode 'outputs' to avoid re-running this script phase.\necho \"SUCCESS\" > \"${SCRIPT_OUTPUT_FILE_0}\"\n";
			showEnvVarsInLog = 0;
		};
		D4D2C658643F7A0869804E62 /* [CP] Embed Pods Frameworks */ = {
			isa = PBXShellScriptBuildPhase;
			buildActionMask = 2147483647;
			files = (
			);
			inputFileListPaths = (
				"${PODS_ROOT}/Target Support Files/Pods-RehabSwiftUI/Pods-RehabSwiftUI-frameworks-${CONFIGURATION}-input-files.xcfilelist",
			);
			name = "[CP] Embed Pods Frameworks";
			outputFileListPaths = (
				"${PODS_ROOT}/Target Support Files/Pods-RehabSwiftUI/Pods-RehabSwiftUI-frameworks-${CONFIGURATION}-output-files.xcfilelist",
			);
			runOnlyForDeploymentPostprocessing = 0;
			shellPath = /bin/sh;
			shellScript = "\"${PODS_ROOT}/Target Support Files/Pods-RehabSwiftUI/Pods-RehabSwiftUI-frameworks.sh\"\n";
			showEnvVarsInLog = 0;
		};
/* End PBXShellScriptBuildPhase section */

/* Begin PBXSourcesBuildPhase section */
		3B64BA3729B0C11D00B774B5 /* Sources */ = {
			isa = PBXSourcesBuildPhase;
			buildActionMask = 2147483647;
			files = (
				3BC0B6E729BF52CB00307E91 /* APIConst.swift in Sources */,
				3BC0B6E929BF541A00307E91 /* NetworkError.swift in Sources */,
				3B64BA4129B0C11D00B774B5 /* ContentView.swift in Sources */,
				3BC0B6EB29BF550A00307E91 /* Bundle-Decodable.swift in Sources */,
				3BC0B6E429BF50D200307E91 /* ArticleModel.swift in Sources */,
				3BCD65CD29B61CCE006CBC23 /* MainArticleListCell.swift in Sources */,
				3B64BA3F29B0C11D00B774B5 /* RehabSwiftUIApp.swift in Sources */,
				3BC0B6E129BF4F7C00307E91 /* QiitaAPI.swift in Sources */,
			);
			runOnlyForDeploymentPostprocessing = 0;
		};
/* End PBXSourcesBuildPhase section */

/* Begin XCBuildConfiguration section */
		3B64BA4729B0C11E00B774B5 /* Debug */ = {
			isa = XCBuildConfiguration;
			buildSettings = {
				ALWAYS_SEARCH_USER_PATHS = NO;
				CLANG_ANALYZER_NONNULL = YES;
				CLANG_ANALYZER_NUMBER_OBJECT_CONVERSION = YES_AGGRESSIVE;
				CLANG_CXX_LANGUAGE_STANDARD = "gnu++20";
				CLANG_ENABLE_MODULES = YES;
				CLANG_ENABLE_OBJC_ARC = YES;
				CLANG_ENABLE_OBJC_WEAK = YES;
				CLANG_WARN_BLOCK_CAPTURE_AUTORELEASING = YES;
				CLANG_WARN_BOOL_CONVERSION = YES;
				CLANG_WARN_COMMA = YES;
				CLANG_WARN_CONSTANT_CONVERSION = YES;
				CLANG_WARN_DEPRECATED_OBJC_IMPLEMENTATIONS = YES;
				CLANG_WARN_DIRECT_OBJC_ISA_USAGE = YES_ERROR;
				CLANG_WARN_DOCUMENTATION_COMMENTS = YES;
				CLANG_WARN_EMPTY_BODY = YES;
				CLANG_WARN_ENUM_CONVERSION = YES;
				CLANG_WARN_INFINITE_RECURSION = YES;
				CLANG_WARN_INT_CONVERSION = YES;
				CLANG_WARN_NON_LITERAL_NULL_CONVERSION = YES;
				CLANG_WARN_OBJC_IMPLICIT_RETAIN_SELF = YES;
				CLANG_WARN_OBJC_LITERAL_CONVERSION = YES;
				CLANG_WARN_OBJC_ROOT_CLASS = YES_ERROR;
				CLANG_WARN_QUOTED_INCLUDE_IN_FRAMEWORK_HEADER = YES;
				CLANG_WARN_RANGE_LOOP_ANALYSIS = YES;
				CLANG_WARN_STRICT_PROTOTYPES = YES;
				CLANG_WARN_SUSPICIOUS_MOVE = YES;
				CLANG_WARN_UNGUARDED_AVAILABILITY = YES_AGGRESSIVE;
				CLANG_WARN_UNREACHABLE_CODE = YES;
				CLANG_WARN__DUPLICATE_METHOD_MATCH = YES;
				COPY_PHASE_STRIP = NO;
				DEBUG_INFORMATION_FORMAT = dwarf;
				ENABLE_STRICT_OBJC_MSGSEND = YES;
				ENABLE_TESTABILITY = YES;
				GCC_C_LANGUAGE_STANDARD = gnu11;
				GCC_DYNAMIC_NO_PIC = NO;
				GCC_NO_COMMON_BLOCKS = YES;
				GCC_OPTIMIZATION_LEVEL = 0;
				GCC_PREPROCESSOR_DEFINITIONS = (
					"DEBUG=1",
					"$(inherited)",
				);
				GCC_WARN_64_TO_32_BIT_CONVERSION = YES;
				GCC_WARN_ABOUT_RETURN_TYPE = YES_ERROR;
				GCC_WARN_UNDECLARED_SELECTOR = YES;
				GCC_WARN_UNINITIALIZED_AUTOS = YES_AGGRESSIVE;
				GCC_WARN_UNUSED_FUNCTION = YES;
				GCC_WARN_UNUSED_VARIABLE = YES;
				IPHONEOS_DEPLOYMENT_TARGET = 16.2;
				MTL_ENABLE_DEBUG_INFO = INCLUDE_SOURCE;
				MTL_FAST_MATH = YES;
				ONLY_ACTIVE_ARCH = YES;
				SDKROOT = iphoneos;
				SWIFT_ACTIVE_COMPILATION_CONDITIONS = DEBUG;
				SWIFT_OPTIMIZATION_LEVEL = "-Onone";
			};
			name = Debug;
		};
		3B64BA4829B0C11E00B774B5 /* Release */ = {
			isa = XCBuildConfiguration;
			buildSettings = {
				ALWAYS_SEARCH_USER_PATHS = NO;
				CLANG_ANALYZER_NONNULL = YES;
				CLANG_ANALYZER_NUMBER_OBJECT_CONVERSION = YES_AGGRESSIVE;
				CLANG_CXX_LANGUAGE_STANDARD = "gnu++20";
				CLANG_ENABLE_MODULES = YES;
				CLANG_ENABLE_OBJC_ARC = YES;
				CLANG_ENABLE_OBJC_WEAK = YES;
				CLANG_WARN_BLOCK_CAPTURE_AUTORELEASING = YES;
				CLANG_WARN_BOOL_CONVERSION = YES;
				CLANG_WARN_COMMA = YES;
				CLANG_WARN_CONSTANT_CONVERSION = YES;
				CLANG_WARN_DEPRECATED_OBJC_IMPLEMENTATIONS = YES;
				CLANG_WARN_DIRECT_OBJC_ISA_USAGE = YES_ERROR;
				CLANG_WARN_DOCUMENTATION_COMMENTS = YES;
				CLANG_WARN_EMPTY_BODY = YES;
				CLANG_WARN_ENUM_CONVERSION = YES;
				CLANG_WARN_INFINITE_RECURSION = YES;
				CLANG_WARN_INT_CONVERSION = YES;
				CLANG_WARN_NON_LITERAL_NULL_CONVERSION = YES;
				CLANG_WARN_OBJC_IMPLICIT_RETAIN_SELF = YES;
				CLANG_WARN_OBJC_LITERAL_CONVERSION = YES;
				CLANG_WARN_OBJC_ROOT_CLASS = YES_ERROR;
				CLANG_WARN_QUOTED_INCLUDE_IN_FRAMEWORK_HEADER = YES;
				CLANG_WARN_RANGE_LOOP_ANALYSIS = YES;
				CLANG_WARN_STRICT_PROTOTYPES = YES;
				CLANG_WARN_SUSPICIOUS_MOVE = YES;
				CLANG_WARN_UNGUARDED_AVAILABILITY = YES_AGGRESSIVE;
				CLANG_WARN_UNREACHABLE_CODE = YES;
				CLANG_WARN__DUPLICATE_METHOD_MATCH = YES;
				COPY_PHASE_STRIP = NO;
				DEBUG_INFORMATION_FORMAT = "dwarf-with-dsym";
				ENABLE_NS_ASSERTIONS = NO;
				ENABLE_STRICT_OBJC_MSGSEND = YES;
				GCC_C_LANGUAGE_STANDARD = gnu11;
				GCC_NO_COMMON_BLOCKS = YES;
				GCC_WARN_64_TO_32_BIT_CONVERSION = YES;
				GCC_WARN_ABOUT_RETURN_TYPE = YES_ERROR;
				GCC_WARN_UNDECLARED_SELECTOR = YES;
				GCC_WARN_UNINITIALIZED_AUTOS = YES_AGGRESSIVE;
				GCC_WARN_UNUSED_FUNCTION = YES;
				GCC_WARN_UNUSED_VARIABLE = YES;
				IPHONEOS_DEPLOYMENT_TARGET = 16.2;
				MTL_ENABLE_DEBUG_INFO = NO;
				MTL_FAST_MATH = YES;
				SDKROOT = iphoneos;
				SWIFT_COMPILATION_MODE = wholemodule;
				SWIFT_OPTIMIZATION_LEVEL = "-O";
				VALIDATE_PRODUCT = YES;
			};
			name = Release;
		};
		3B64BA4A29B0C11E00B774B5 /* Debug */ = {
			isa = XCBuildConfiguration;
			baseConfigurationReference = ADFE3C770C048C7CA908605C /* Pods-RehabSwiftUI.debug.xcconfig */;
			buildSettings = {
				ASSETCATALOG_COMPILER_APPICON_NAME = AppIcon;
				ASSETCATALOG_COMPILER_GLOBAL_ACCENT_COLOR_NAME = AccentColor;
				CODE_SIGN_STYLE = Automatic;
				CURRENT_PROJECT_VERSION = 1;
				DEVELOPMENT_ASSET_PATHS = "\"RehabSwiftUI/Preview Content\"";
				DEVELOPMENT_TEAM = MZS6GWM7ZN;
				ENABLE_PREVIEWS = YES;
				GENERATE_INFOPLIST_FILE = YES;
				INFOPLIST_KEY_UIApplicationSceneManifest_Generation = YES;
				INFOPLIST_KEY_UIApplicationSupportsIndirectInputEvents = YES;
				INFOPLIST_KEY_UILaunchScreen_Generation = YES;
				INFOPLIST_KEY_UISupportedInterfaceOrientations_iPad = "UIInterfaceOrientationPortrait UIInterfaceOrientationPortraitUpsideDown UIInterfaceOrientationLandscapeLeft UIInterfaceOrientationLandscapeRight";
				INFOPLIST_KEY_UISupportedInterfaceOrientations_iPhone = "UIInterfaceOrientationPortrait UIInterfaceOrientationLandscapeLeft UIInterfaceOrientationLandscapeRight";
				LD_RUNPATH_SEARCH_PATHS = (
					"$(inherited)",
					"@executable_path/Frameworks",
				);
				MARKETING_VERSION = 1.0;
				PRODUCT_BUNDLE_IDENTIFIER = com.antk.RehabSwiftUI;
				PRODUCT_NAME = "$(TARGET_NAME)";
				SWIFT_EMIT_LOC_STRINGS = YES;
				SWIFT_VERSION = 5.0;
				TARGETED_DEVICE_FAMILY = "1,2";
			};
			name = Debug;
		};
		3B64BA4B29B0C11E00B774B5 /* Release */ = {
			isa = XCBuildConfiguration;
			baseConfigurationReference = 867BFFC9855A94E456BDA972 /* Pods-RehabSwiftUI.release.xcconfig */;
			buildSettings = {
				ASSETCATALOG_COMPILER_APPICON_NAME = AppIcon;
				ASSETCATALOG_COMPILER_GLOBAL_ACCENT_COLOR_NAME = AccentColor;
				CODE_SIGN_STYLE = Automatic;
				CURRENT_PROJECT_VERSION = 1;
				DEVELOPMENT_ASSET_PATHS = "\"RehabSwiftUI/Preview Content\"";
				DEVELOPMENT_TEAM = MZS6GWM7ZN;
				ENABLE_PREVIEWS = YES;
				GENERATE_INFOPLIST_FILE = YES;
				INFOPLIST_KEY_UIApplicationSceneManifest_Generation = YES;
				INFOPLIST_KEY_UIApplicationSupportsIndirectInputEvents = YES;
				INFOPLIST_KEY_UILaunchScreen_Generation = YES;
				INFOPLIST_KEY_UISupportedInterfaceOrientations_iPad = "UIInterfaceOrientationPortrait UIInterfaceOrientationPortraitUpsideDown UIInterfaceOrientationLandscapeLeft UIInterfaceOrientationLandscapeRight";
				INFOPLIST_KEY_UISupportedInterfaceOrientations_iPhone = "UIInterfaceOrientationPortrait UIInterfaceOrientationLandscapeLeft UIInterfaceOrientationLandscapeRight";
				LD_RUNPATH_SEARCH_PATHS = (
					"$(inherited)",
					"@executable_path/Frameworks",
				);
				MARKETING_VERSION = 1.0;
				PRODUCT_BUNDLE_IDENTIFIER = com.antk.RehabSwiftUI;
				PRODUCT_NAME = "$(TARGET_NAME)";
				SWIFT_EMIT_LOC_STRINGS = YES;
				SWIFT_VERSION = 5.0;
				TARGETED_DEVICE_FAMILY = "1,2";
			};
			name = Release;
		};
/* End XCBuildConfiguration section */

/* Begin XCConfigurationList section */
		3B64BA3629B0C11D00B774B5 /* Build configuration list for PBXProject "RehabSwiftUI" */ = {
			isa = XCConfigurationList;
			buildConfigurations = (
				3B64BA4729B0C11E00B774B5 /* Debug */,
				3B64BA4829B0C11E00B774B5 /* Release */,
			);
			defaultConfigurationIsVisible = 0;
			defaultConfigurationName = Release;
		};
		3B64BA4929B0C11E00B774B5 /* Build configuration list for PBXNativeTarget "RehabSwiftUI" */ = {
			isa = XCConfigurationList;
			buildConfigurations = (
				3B64BA4A29B0C11E00B774B5 /* Debug */,
				3B64BA4B29B0C11E00B774B5 /* Release */,
			);
			defaultConfigurationIsVisible = 0;
			defaultConfigurationName = Release;
		};
/* End XCConfigurationList section */
	};
	rootObject = 3B64BA3329B0C11D00B774B5 /* Project object */;
}
